
Microsoft Visual Studio Solution File, Format Version 12.00
Project("{FAE04EC0-301F-11D3-BF4B-00C04F79EFBC}") = "SecondhandVinylStore", "SecondhandVinylStore\SecondhandVinylStore.csproj", "{48D662CB-513D-4150-B9E0-3626E1F88259}"
EndProject
Global
	GlobalSection(SolutionConfigurationPlatforms) = preSolution
		Debug|Any CPU = Debug|Any CPU
		Release|Any CPU = Release|Any CPU
	EndGlobalSection
	GlobalSection(ProjectConfigurationPlatforms) = postSolution
		{48D662CB-513D-4150-B9E0-3626E1F88259}.Debug|Any CPU.ActiveCfg = Debug|Any CPU
		{48D662CB-513D-4150-B9E0-3626E1F88259}.Debug|Any CPU.Build.0 = Debug|Any CPU
		{48D662CB-513D-4150-B9E0-3626E1F88259}.Release|Any CPU.ActiveCfg = Release|Any CPU
		{48D662CB-513D-4150-B9E0-3626E1F88259}.Release|Any CPU.Build.0 = Release|Any CPU
	EndGlobalSection
EndGlobal
